
Microsoft Visual Studio Solution File, Format Version 12.00
# Visual Studio Version 17
VisualStudioVersion = 17.4.33213.308
MinimumVisualStudioVersion = 10.0.40219.1
Project("{FAE04EC0-301F-11D3-BF4B-00C04F79EFBC}") = "Shape", "Shape.csproj", "{19233B91-76D7-45EA-A58B-8AF11E66CC70}"
EndProject
Global
	GlobalSection(SolutionConfigurationPlatforms) = preSolution
		Debug|Any CPU = Debug|Any CPU
		Release|Any CPU = Release|Any CPU
	EndGlobalSection
	GlobalSection(ProjectConfigurationPlatforms) = postSolution
		{19233B91-76D7-45EA-A58B-8AF11E66CC70}.Debug|Any CPU.ActiveCfg = Debug|Any CPU
		{19233B91-76D7-45EA-A58B-8AF11E66CC70}.Debug|Any CPU.Build.0 = Debug|Any CPU
		{19233B91-76D7-45EA-A58B-8AF11E66CC70}.Release|Any CPU.ActiveCfg = Release|Any CPU
		{19233B91-76D7-45EA-A58B-8AF11E66CC70}.Release|Any CPU.Build.0 = Release|Any CPU
	EndGlobalSection
	GlobalSection(SolutionProperties) = preSolution
		HideSolutionNode = FALSE
	EndGlobalSection
	GlobalSection(ExtensibilityGlobals) = postSolution
		SolutionGuid = {FC284491-9B85-48BF-A3D7-109A2C7F2841}
	EndGlobalSection
EndGlobal
